
Microsoft Visual Studio Solution File, Format Version 12.00
# Visual Studio Version 17
VisualStudioVersion = 17.9.34728.123
MinimumVisualStudioVersion = 10.0.40219.1
Project("{8BC9CEB8-8B4A-11D0-8D11-00A0C91BC942}") = "C++ Hw 20.0", "C++ Hw 20.0\C++ Hw 20.0.vcxproj", "{D0FE4CF3-C5F6-4F8F-8296-BA4B66959E1E}"
EndProject
Global
	GlobalSection(SolutionConfigurationPlatforms) = preSolution
		Debug|x64 = Debug|x64
		Debug|x86 = Debug|x86
		Release|x64 = Release|x64
		Release|x86 = Release|x86
	EndGlobalSection
	GlobalSection(ProjectConfigurationPlatforms) = postSolution
		{D0FE4CF3-C5F6-4F8F-8296-BA4B66959E1E}.Debug|x64.ActiveCfg = Debug|x64
		{D0FE4CF3-C5F6-4F8F-8296-BA4B66959E1E}.Debug|x64.Build.0 = Debug|x64
		{D0FE4CF3-C5F6-4F8F-8296-BA4B66959E1E}.Debug|x86.ActiveCfg = Debug|Win32
		{D0FE4CF3-C5F6-4F8F-8296-BA4B66959E1E}.Debug|x86.Build.0 = Debug|Win32
		{D0FE4CF3-C5F6-4F8F-8296-BA4B66959E1E}.Release|x64.ActiveCfg = Release|x64
		{D0FE4CF3-C5F6-4F8F-8296-BA4B66959E1E}.Release|x64.Build.0 = Release|x64
		{D0FE4CF3-C5F6-4F8F-8296-BA4B66959E1E}.Release|x86.ActiveCfg = Release|Win32
		{D0FE4CF3-C5F6-4F8F-8296-BA4B66959E1E}.Release|x86.Build.0 = Release|Win32
	EndGlobalSection
	GlobalSection(SolutionProperties) = preSolution
		HideSolutionNode = FALSE
	EndGlobalSection
	GlobalSection(ExtensibilityGlobals) = postSolution
		SolutionGuid = {996211E2-5009-4E88-AA29-85FE0F9E8531}
	EndGlobalSection
EndGlobal
